
Microsoft Visual Studio Solution File, Format Version 11.00
# Visual Studio 2010
Project("{FAE04EC0-301F-11D3-BF4B-00C04F79EFBC}") = "TestTextWeiter", "Assembly-CSharp.csproj", "{DF15FC84-84FE-9042-B294-2104298AE7CE}"
EndProject
Global
	GlobalSection(SolutionConfigurationPlatforms) = preSolution
		Debug|Any CPU = Debug|Any CPU
		Release|Any CPU = Release|Any CPU
	EndGlobalSection
	GlobalSection(ProjectConfigurationPlatforms) = postSolution
		{DF15FC84-84FE-9042-B294-2104298AE7CE}.Debug|Any CPU.ActiveCfg = Debug|Any CPU
		{DF15FC84-84FE-9042-B294-2104298AE7CE}.Debug|Any CPU.Build.0 = Debug|Any CPU
		{DF15FC84-84FE-9042-B294-2104298AE7CE}.Release|Any CPU.ActiveCfg = Release|Any CPU
		{DF15FC84-84FE-9042-B294-2104298AE7CE}.Release|Any CPU.Build.0 = Release|Any CPU
	EndGlobalSection
	GlobalSection(SolutionProperties) = preSolution
		HideSolutionNode = FALSE
	EndGlobalSection
	GlobalSection(MonoDevelopProperties) = preSolution
		StartupItem = Assembly-CSharp.csproj
	EndGlobalSection
EndGlobal
