
Microsoft Visual Studio Solution File, Format Version 11.00
# Visual Studio 2010
Project("{FAE04EC0-301F-11D3-BF4B-00C04F79EFBC}") = "AR Buecherhalle", "Assembly-CSharp-firstpass.csproj", "{4C2D1A80-FB4F-49E7-C419-8FCF3D9CE2B3}"
EndProject
Project("{FAE04EC0-301F-11D3-BF4B-00C04F79EFBC}") = "AR Buecherhalle", "Assembly-CSharp.csproj", "{281E254E-5C89-F8AB-9B29-8848439B6224}"
EndProject
Project("{FAE04EC0-301F-11D3-BF4B-00C04F79EFBC}") = "AR Buecherhalle", "Assembly-CSharp-Editor-firstpass.csproj", "{7C31DD85-A339-0935-3A9A-EBA9033B7430}"
EndProject
Project("{FAE04EC0-301F-11D3-BF4B-00C04F79EFBC}") = "AR Buecherhalle", "Assembly-CSharp-Editor.csproj", "{C7AE96FB-A1EF-A278-B744-EC58DE7ADC33}"
EndProject
Project("{FAE04EC0-301F-11D3-BF4B-00C04F79EFBC}") = "AR Buecherhalle", "Assembly-UnityScript-Editor-firstpass.unityproj", "{28561A24-7E12-5FDE-F03B-3B6B61CAC16F}"
EndProject
Global
	GlobalSection(SolutionConfigurationPlatforms) = preSolution
		Debug|Any CPU = Debug|Any CPU
		Release|Any CPU = Release|Any CPU
	EndGlobalSection
	GlobalSection(ProjectConfigurationPlatforms) = postSolution
		{4C2D1A80-FB4F-49E7-C419-8FCF3D9CE2B3}.Debug|Any CPU.ActiveCfg = Debug|Any CPU
		{4C2D1A80-FB4F-49E7-C419-8FCF3D9CE2B3}.Debug|Any CPU.Build.0 = Debug|Any CPU
		{4C2D1A80-FB4F-49E7-C419-8FCF3D9CE2B3}.Release|Any CPU.ActiveCfg = Release|Any CPU
		{4C2D1A80-FB4F-49E7-C419-8FCF3D9CE2B3}.Release|Any CPU.Build.0 = Release|Any CPU
		{281E254E-5C89-F8AB-9B29-8848439B6224}.Debug|Any CPU.ActiveCfg = Debug|Any CPU
		{281E254E-5C89-F8AB-9B29-8848439B6224}.Debug|Any CPU.Build.0 = Debug|Any CPU
		{281E254E-5C89-F8AB-9B29-8848439B6224}.Release|Any CPU.ActiveCfg = Release|Any CPU
		{281E254E-5C89-F8AB-9B29-8848439B6224}.Release|Any CPU.Build.0 = Release|Any CPU
		{7C31DD85-A339-0935-3A9A-EBA9033B7430}.Debug|Any CPU.ActiveCfg = Debug|Any CPU
		{7C31DD85-A339-0935-3A9A-EBA9033B7430}.Debug|Any CPU.Build.0 = Debug|Any CPU
		{7C31DD85-A339-0935-3A9A-EBA9033B7430}.Release|Any CPU.ActiveCfg = Release|Any CPU
		{7C31DD85-A339-0935-3A9A-EBA9033B7430}.Release|Any CPU.Build.0 = Release|Any CPU
		{C7AE96FB-A1EF-A278-B744-EC58DE7ADC33}.Debug|Any CPU.ActiveCfg = Debug|Any CPU
		{C7AE96FB-A1EF-A278-B744-EC58DE7ADC33}.Debug|Any CPU.Build.0 = Debug|Any CPU
		{C7AE96FB-A1EF-A278-B744-EC58DE7ADC33}.Release|Any CPU.ActiveCfg = Release|Any CPU
		{C7AE96FB-A1EF-A278-B744-EC58DE7ADC33}.Release|Any CPU.Build.0 = Release|Any CPU
		{28561A24-7E12-5FDE-F03B-3B6B61CAC16F}.Debug|Any CPU.ActiveCfg = Debug|Any CPU
		{28561A24-7E12-5FDE-F03B-3B6B61CAC16F}.Debug|Any CPU.Build.0 = Debug|Any CPU
		{28561A24-7E12-5FDE-F03B-3B6B61CAC16F}.Release|Any CPU.ActiveCfg = Release|Any CPU
		{28561A24-7E12-5FDE-F03B-3B6B61CAC16F}.Release|Any CPU.Build.0 = Release|Any CPU
	EndGlobalSection
	GlobalSection(SolutionProperties) = preSolution
		HideSolutionNode = FALSE
	EndGlobalSection
	GlobalSection(MonoDevelopProperties) = preSolution
		StartupItem = Assembly-CSharp.csproj
	EndGlobalSection
EndGlobal
